<?xml version="1.0" encoding="utf-8"?>
<Project ToolsVersion="4.0" xmlns="http://schemas.microsoft.com/developer/msbuild/2003">
  <ItemGroup>
    <Filter Include="源文件">
      <UniqueIdentifier>{4FC737F1-C7A5-4376-A066-2A32D752A2FF}</UniqueIdentifier>
      <Extensions>cpp;c;cc;cxx;def;odl;idl;hpj;bat;asm;asmx</Extensions>
    </Filter>
    <Filter Include="头文件">
      <UniqueIdentifier>{93995380-89BD-4b04-88EB-625FBE52EBFB}</UniqueIdentifier>
      <Extensions>h;hpp;hxx;hm;inl;inc;xsd</Extensions>
    </Filter>
    <Filter Include="资源文件">
      <UniqueIdentifier>{67DA6AB6-F800-4c08-8B7A-83BB121AAD01}</UniqueIdentifier>
      <Extensions>rc;ico;cur;bmp;dlg;rc2;rct;bin;rgs;gif;jpg;jpeg;jpe;resx;tiff;tif;png;wav;mfcribbon-ms</Extensions>
    </Filter>
  </ItemGroup>
  <ItemGroup>
    <None Include="ReadMe.txt" />
    <None Include="res\3DSurfaceRe.ico">
      <Filter>资源文件</Filter>
    </None>
    <None Include="res\3DSurfaceRe.rc2">
      <Filter>资源文件</Filter>
    </None>
  </ItemGroup>
  <ItemGroup>
    <ClInclude Include="stdafx.h">
      <Filter>头文件</Filter>
    </ClInclude>
    <ClInclude Include="targetver.h">
      <Filter>头文件</Filter>
    </ClInclude>
    <ClInclude Include="Resource.h">
      <Filter>头文件</Filter>
    </ClInclude>
    <ClInclude Include="ConnectComponentLabel.h">
      <Filter>头文件</Filter>
    </ClInclude>
    <ClInclude Include="queue.h">
      <Filter>头文件</Filter>
    </ClInclude>
    <ClInclude Include="GaussEliminate.h">
      <Filter>头文件</Filter>
    </ClInclude>
    <ClInclude Include="MyAlgebra.h">
      <Filter>头文件</Filter>
    </ClInclude>
    <ClInclude Include="MyNewtonMethod.h">
      <Filter>头文件</Filter>
    </ClInclude>
    <ClInclude Include="MyLeastSquare.h">
      <Filter>头文件</Filter>
    </ClInclude>
    <ClInclude Include="Morphology.h">
      <Filter>头文件</Filter>
    </ClInclude>
    <ClInclude Include="ShowImageDialog.h">
      <Filter>头文件</Filter>
    </ClInclude>
    <ClInclude Include="My1DMorphology.h">
      <Filter>头文件</Filter>
    </ClInclude>
    <ClInclude Include="MyPhase.h">
      <Filter>头文件</Filter>
    </ClInclude>
    <ClInclude Include="ResizeControl.h">
      <Filter>头文件</Filter>
    </ClInclude>
    <ClInclude Include="Dialog1.h">
      <Filter>头文件</Filter>
    </ClInclude>
    <ClInclude Include="Dialog2.h">
      <Filter>头文件</Filter>
    </ClInclude>
    <ClInclude Include="VQualityMapGuidedUn.h">
      <Filter>头文件</Filter>
    </ClInclude>
    <ClInclude Include="HQualityMapGuidedUn.h">
      <Filter>头文件</Filter>
    </ClInclude>
    <ClInclude Include="MyGeometry.h">
      <Filter>头文件</Filter>
    </ClInclude>
    <ClInclude Include="InputDialog.h">
      <Filter>头文件</Filter>
    </ClInclude>
    <ClInclude Include="ImageOperate.h">
      <Filter>头文件</Filter>
    </ClInclude>
    <ClInclude Include="3DSurfaceRe.h">
      <Filter>头文件</Filter>
    </ClInclude>
    <ClInclude Include="3DSurfaceReDlg.h">
      <Filter>头文件</Filter>
    </ClInclude>
    <ClInclude Include="Dialog3.h">
      <Filter>头文件</Filter>
    </ClInclude>
    <ClInclude Include="MyDIdefine.h">
      <Filter>头文件</Filter>
    </ClInclude>
    <ClInclude Include="Setup.h">
      <Filter>头文件</Filter>
    </ClInclude>
    <ClInclude Include="SetResolution.h">
      <Filter>头文件</Filter>
    </ClInclude>
  </ItemGroup>
  <ItemGroup>
    <ClCompile Include="stdafx.cpp">
      <Filter>源文件</Filter>
    </ClCompile>
    <ClCompile Include="ConnectComponentLabel.cpp">
      <Filter>源文件</Filter>
    </ClCompile>
    <ClCompile Include="GaussEliminate.cpp">
      <Filter>源文件</Filter>
    </ClCompile>
    <ClCompile Include="MyAlgebra.cpp">
      <Filter>源文件</Filter>
    </ClCompile>
    <ClCompile Include="MyNewtonMethod.cpp">
      <Filter>源文件</Filter>
    </ClCompile>
    <ClCompile Include="MyLeastSquare.cpp">
      <Filter>源文件</Filter>
    </ClCompile>
    <ClCompile Include="Morphology.cpp">
      <Filter>源文件</Filter>
    </ClCompile>
    <ClCompile Include="ShowImageDialog.cpp">
      <Filter>源文件</Filter>
    </ClCompile>
    <ClCompile Include="ResizeControl.cpp">
      <Filter>源文件</Filter>
    </ClCompile>
    <ClCompile Include="Dialog1.cpp">
      <Filter>源文件</Filter>
    </ClCompile>
    <ClCompile Include="Dialog2.cpp">
      <Filter>源文件</Filter>
    </ClCompile>
    <ClCompile Include="My1DMorphology.cpp">
      <Filter>源文件</Filter>
    </ClCompile>
    <ClCompile Include="MyGeometry.cpp">
      <Filter>源文件</Filter>
    </ClCompile>
    <ClCompile Include="VQualityMapGuidedUn.cpp">
      <Filter>源文件</Filter>
    </ClCompile>
    <ClCompile Include="HQualityMapGuidedUn.cpp">
      <Filter>源文件</Filter>
    </ClCompile>
    <ClCompile Include="MyPhase.cpp">
      <Filter>源文件</Filter>
    </ClCompile>
    <ClCompile Include="InputDialog.cpp">
      <Filter>源文件</Filter>
    </ClCompile>
    <ClCompile Include="ImageOperate.cpp">
      <Filter>源文件</Filter>
    </ClCompile>
    <ClCompile Include="3DSurfaceRe.cpp">
      <Filter>源文件</Filter>
    </ClCompile>
    <ClCompile Include="3DSurfaceReDlg.cpp">
      <Filter>源文件</Filter>
    </ClCompile>
    <ClCompile Include="Dialog3.cpp">
      <Filter>源文件</Filter>
    </ClCompile>
    <ClCompile Include="MyDIdefine.cpp">
      <Filter>源文件</Filter>
    </ClCompile>
    <ClCompile Include="Setup.cpp">
      <Filter>源文件</Filter>
    </ClCompile>
    <ClCompile Include="SetResolution.cpp">
      <Filter>源文件</Filter>
    </ClCompile>
  </ItemGroup>
  <ItemGroup>
    <ResourceCompile Include="3DSurfaceRe.rc">
      <Filter>资源文件</Filter>
    </ResourceCompile>
  </ItemGroup>
</Project>